
Microsoft Visual Studio Solution File, Format Version 12.00
# Visual Studio Version 17
VisualStudioVersion = 17.0.31903.59
MinimumVisualStudioVersion = 10.0.40219.1
Project("{9A19103F-16F7-4668-BE54-9A1E7A4F7556}") = "TaskCopeCommon", "TaskCopeCommon\TaskCopeCommon.csproj", "{499E7800-8945-4C6E-959D-F46CFF070E2F}"
EndProject
Global
	GlobalSection(SolutionConfigurationPlatforms) = preSolution
		Debug|Any CPU = Debug|Any CPU
		Release|Any CPU = Release|Any CPU
	EndGlobalSection
	GlobalSection(ProjectConfigurationPlatforms) = postSolution
		{499E7800-8945-4C6E-959D-F46CFF070E2F}.Debug|Any CPU.ActiveCfg = Debug|Any CPU
		{499E7800-8945-4C6E-959D-F46CFF070E2F}.Debug|Any CPU.Build.0 = Debug|Any CPU
		{499E7800-8945-4C6E-959D-F46CFF070E2F}.Release|Any CPU.ActiveCfg = Release|Any CPU
		{499E7800-8945-4C6E-959D-F46CFF070E2F}.Release|Any CPU.Build.0 = Release|Any CPU
	EndGlobalSection
	GlobalSection(SolutionProperties) = preSolution
		HideSolutionNode = FALSE
	EndGlobalSection
	GlobalSection(ExtensibilityGlobals) = postSolution
		SolutionGuid = {F873A5EB-1921-4BF5-A28D-A61047BE2044}
	EndGlobalSection
EndGlobal
